// !$*UTF8*$!
{
	archiveVersion = 1;
	classes = {
	};
	objectVersion = 48;
	objects = {

/* Begin PBXBuildFile section */
		26797B491FF648D200098507 /* AppDelegate.m in Sources */ = {isa = PBXBuildFile; fileRef = 26797B481FF648D200098507 /* AppDelegate.m */; };
		26797B4C1FF648D200098507 /* ViewController.m in Sources */ = {isa = PBXBuildFile; fileRef = 26797B4B1FF648D200098507 /* ViewController.m */; };
		26797B4F1FF648D200098507 /* Main.storyboard in Resources */ = {isa = PBXBuildFile; fileRef = 26797B4D1FF648D200098507 /* Main.storyboard */; };
		26797B511FF648D300098507 /* Assets.xcassets in Resources */ = {isa = PBXBuildFile; fileRef = 26797B501FF648D300098507 /* Assets.xcassets */; };
		26797B541FF648D300098507 /* LaunchScreen.storyboard in Resources */ = {isa = PBXBuildFile; fileRef = 26797B521FF648D300098507 /* LaunchScreen.storyboard */; };
		26797B571FF648D400098507 /* main.m in Sources */ = {isa = PBXBuildFile; fileRef = 26797B561FF648D400098507 /* main.m */; };
		26797B611FF648D800098507 /* CustomCalenderTests.m in Sources */ = {isa = PBXBuildFile; fileRef = 26797B601FF648D800098507 /* CustomCalenderTests.m */; };
		26797B6C1FF648D900098507 /* CustomCalenderUITests.m in Sources */ = {isa = PBXBuildFile; fileRef = 26797B6B1FF648D900098507 /* CustomCalenderUITests.m */; };
/* End PBXBuildFile section */

/* Begin PBXContainerItemProxy section */
		26797B5D1FF648D700098507 /* PBXContainerItemProxy */ = {
			isa = PBXContainerItemProxy;
			containerPortal = 26797B3C1FF648D000098507 /* Project object */;
			proxyType = 1;
			remoteGlobalIDString = 26797B431FF648D000098507;
			remoteInfo = CustomCalender;
		};
		26797B681FF648D800098507 /* PBXContainerItemProxy */ = {
			isa = PBXContainerItemProxy;
			containerPortal = 26797B3C1FF648D000098507 /* Project object */;
			proxyType = 1;
			remoteGlobalIDString = 26797B431FF648D000098507;
			remoteInfo = CustomCalender;
		};
/* End PBXContainerItemProxy section */

/* Begin PBXFileReference section */
		26797B441FF648D000098507 /* CustomCalender.app */ = {isa = PBXFileReference; explicitFileType = wrapper.application; includeInIndex = 0; path = CustomCalender.app; sourceTree = BUILT_PRODUCTS_DIR; };
		26797B471FF648D100098507 /* AppDelegate.h */ = {isa = PBXFileReference; lastKnownFileType = sourcecode.c.h; path = AppDelegate.h; sourceTree = "<group>"; };
		26797B481FF648D200098507 /* AppDelegate.m */ = {isa = PBXFileReference; lastKnownFileType = sourcecode.c.objc; path = AppDelegate.m; sourceTree = "<group>"; };
		26797B4A1FF648D200098507 /* ViewController.h */ = {isa = PBXFileReference; lastKnownFileType = sourcecode.c.h; path = ViewController.h; sourceTree = "<group>"; };
		26797B4B1FF648D200098507 /* ViewController.m */ = {isa = PBXFileReference; lastKnownFileType = sourcecode.c.objc; path = ViewController.m; sourceTree = "<group>"; };
		26797B4E1FF648D200098507 /* Base */ = {isa = PBXFileReference; lastKnownFileType = file.storyboard; name = Base; path = Base.lproj/Main.storyboard; sourceTree = "<group>"; };
		26797B501FF648D300098507 /* Assets.xcassets */ = {isa = PBXFileReference; lastKnownFileType = folder.assetcatalog; path = Assets.xcassets; sourceTree = "<group>"; };
		26797B531FF648D300098507 /* Base */ = {isa = PBXFileReference; lastKnownFileType = file.storyboard; name = Base; path = Base.lproj/LaunchScreen.storyboard; sourceTree = "<group>"; };
		26797B551FF648D400098507 /* Info.plist */ = {isa = PBXFileReference; lastKnownFileType = text.plist.xml; path = Info.plist; sourceTree = "<group>"; };
		26797B561FF648D400098507 /* main.m */ = {isa = PBXFileReference; lastKnownFileType = sourcecode.c.objc; path = main.m; sourceTree = "<group>"; };
		26797B5C1FF648D700098507 /* CustomCalenderTests.xctest */ = {isa = PBXFileReference; explicitFileType = wrapper.cfbundle; includeInIndex = 0; path = CustomCalenderTests.xctest; sourceTree = BUILT_PRODUCTS_DIR; };
		26797B601FF648D800098507 /* CustomCalenderTests.m */ = {isa = PBXFileReference; lastKnownFileType = sourcecode.c.objc; path = CustomCalenderTests.m; sourceTree = "<group>"; };
		26797B621FF648D800098507 /* Info.plist */ = {isa = PBXFileReference; lastKnownFileType = text.plist.xml; path = Info.plist; sourceTree = "<group>"; };
		26797B671FF648D800098507 /* CustomCalenderUITests.xctest */ = {isa = PBXFileReference; explicitFileType = wrapper.cfbundle; includeInIndex = 0; path = CustomCalenderUITests.xctest; sourceTree = BUILT_PRODUCTS_DIR; };
		26797B6B1FF648D900098507 /* CustomCalenderUITests.m */ = {isa = PBXFileReference; lastKnownFileType = sourcecode.c.objc; path = CustomCalenderUITests.m; sourceTree = "<group>"; };
		26797B6D1FF648DA00098507 /* Info.plist */ = {isa = PBXFileReference; lastKnownFileType = text.plist.xml; path = Info.plist; sourceTree = "<group>"; };
/* End PBXFileReference section */

/* Begin PBXFrameworksBuildPhase section */
		26797B411FF648D000098507 /* Frameworks */ = {
			isa = PBXFrameworksBuildPhase;
			buildActionMask = 2147483647;
			files = (
			);
			runOnlyForDeploymentPostprocessing = 0;
		};
		26797B591FF648D700098507 /* Frameworks */ = {
			isa = PBXFrameworksBuildPhase;
			buildActionMask = 2147483647;
			files = (
			);
			runOnlyForDeploymentPostprocessing = 0;
		};
		26797B641FF648D800098507 /* Frameworks */ = {
			isa = PBXFrameworksBuildPhase;
			buildActionMask = 2147483647;
			files = (
			);
			runOnlyForDeploymentPostprocessing = 0;
		};
/* End PBXFrameworksBuildPhase section */

/* Begin PBXGroup section */
		26797B3B1FF648CF00098507 = {
			isa = PBXGroup;
			children = (
				26797B461FF648D100098507 /* CustomCalender */,
				26797B5F1FF648D700098507 /* CustomCalenderTests */,
				26797B6A1FF648D800098507 /* CustomCalenderUITests */,
				26797B451FF648D000098507 /* Products */,
			);
			sourceTree = "<group>";
		};
		26797B451FF648D000098507 /* Products */ = {
			isa = PBXGroup;
			children = (
				26797B441FF648D000098507 /* CustomCalender.app */,
				26797B5C1FF648D700098507 /* CustomCalenderTests.xctest */,
				26797B671FF648D800098507 /* CustomCalenderUITests.xctest */,
			);
			name = Products;
			sourceTree = "<group>";
		};
		26797B461FF648D100098507 /* CustomCalender */ = {
			isa = PBXGroup;
			children = (
				26797B471FF648D100098507 /* AppDelegate.h */,
				26797B481FF648D200098507 /* AppDelegate.m */,
				26797B4A1FF648D200098507 /* ViewController.h */,
				26797B4B1FF648D200098507 /* ViewController.m */,
				26797B4D1FF648D200098507 /* Main.storyboard */,
				26797B501FF648D300098507 /* Assets.xcassets */,
				26797B521FF648D300098507 /* LaunchScreen.storyboard */,
				26797B551FF648D400098507 /* Info.plist */,
				26797B561FF648D400098507 /* main.m */,
			);
			path = CustomCalender;
			sourceTree = "<group>";
		};
		26797B5F1FF648D700098507 /* CustomCalenderTests */ = {
			isa = PBXGroup;
			children = (
				26797B601FF648D800098507 /* CustomCalenderTests.m */,
				26797B621FF648D800098507 /* Info.plist */,
			);
			path = CustomCalenderTests;
			sourceTree = "<group>";
		};
		26797B6A1FF648D800098507 /* CustomCalenderUITests */ = {
			isa = PBXGroup;
			children = (
				26797B6B1FF648D900098507 /* CustomCalenderUITests.m */,
				26797B6D1FF648DA00098507 /* Info.plist */,
			);
			path = CustomCalenderUITests;
			sourceTree = "<group>";
		};
/* End PBXGroup section */

/* Begin PBXNativeTarget section */
		26797B431FF648D000098507 /* CustomCalender */ = {
			isa = PBXNativeTarget;
			buildConfigurationList = 26797B701FF648DA00098507 /* Build configuration list for PBXNativeTarget "CustomCalender" */;
			buildPhases = (
				26797B401FF648D000098507 /* Sources */,
				26797B411FF648D000098507 /* Frameworks */,
				26797B421FF648D000098507 /* Resources */,
			);
			buildRules = (
			);
			dependencies = (
			);
			name = CustomCalender;
			productName = CustomCalender;
			productReference = 26797B441FF648D000098507 /* CustomCalender.app */;
			productType = "com.apple.product-type.application";
		};
		26797B5B1FF648D700098507 /* CustomCalenderTests */ = {
			isa = PBXNativeTarget;
			buildConfigurationList = 26797B731FF648DA00098507 /* Build configuration list for PBXNativeTarget "CustomCalenderTests" */;
			buildPhases = (
				26797B581FF648D700098507 /* Sources */,
				26797B591FF648D700098507 /* Frameworks */,
				26797B5A1FF648D700098507 /* Resources */,
			);
			buildRules = (
			);
			dependencies = (
				26797B5E1FF648D700098507 /* PBXTargetDependency */,
			);
			name = CustomCalenderTests;
			productName = CustomCalenderTests;
			productReference = 26797B5C1FF648D700098507 /* CustomCalenderTests.xctest */;
			productType = "com.apple.product-type.bundle.unit-test";
		};
		26797B661FF648D800098507 /* CustomCalenderUITests */ = {
			isa = PBXNativeTarget;
			buildConfigurationList = 26797B761FF648DA00098507 /* Build configuration list for PBXNativeTarget "CustomCalenderUITests" */;
			buildPhases = (
				26797B631FF648D800098507 /* Sources */,
				26797B641FF648D800098507 /* Frameworks */,
				26797B651FF648D800098507 /* Resources */,
			);
			buildRules = (
			);
			dependencies = (
				26797B691FF648D800098507 /* PBXTargetDependency */,
			);
			name = CustomCalenderUITests;
			productName = CustomCalenderUITests;
			productReference = 26797B671FF648D800098507 /* CustomCalenderUITests.xctest */;
			productType = "com.apple.product-type.bundle.ui-testing";
		};
/* End PBXNativeTarget section */

/* Begin PBXProject section */
		26797B3C1FF648D000098507 /* Project object */ = {
			isa = PBXProject;
			attributes = {
				LastUpgradeCheck = 0920;
				ORGANIZATIONNAME = "Yogesh Raj";
				TargetAttributes = {
					26797B431FF648D000098507 = {
						CreatedOnToolsVersion = 9.2;
						ProvisioningStyle = Manual;
					};
					26797B5B1FF648D700098507 = {
						CreatedOnToolsVersion = 9.2;
						ProvisioningStyle = Automatic;
						TestTargetID = 26797B431FF648D000098507;
					};
					26797B661FF648D800098507 = {
						CreatedOnToolsVersion = 9.2;
						ProvisioningStyle = Automatic;
						TestTargetID = 26797B431FF648D000098507;
					};
				};
			};
			buildConfigurationList = 26797B3F1FF648D000098507 /* Build configuration list for PBXProject "CustomCalender" */;
			compatibilityVersion = "Xcode 8.0";
			developmentRegion = en;
			hasScannedForEncodings = 0;
			knownRegions = (
				en,
				Base,
			);
			mainGroup = 26797B3B1FF648CF00098507;
			productRefGroup = 26797B451FF648D000098507 /* Products */;
			projectDirPath = "";
			projectRoot = "";
			targets = (
				26797B431FF648D000098507 /* CustomCalender */,
				26797B5B1FF648D700098507 /* CustomCalenderTests */,
				26797B661FF648D800098507 /* CustomCalenderUITests */,
			);
		};
/* End PBXProject section */

/* Begin PBXResourcesBuildPhase section */
		26797B421FF648D000098507 /* Resources */ = {
			isa = PBXResourcesBuildPhase;
			buildActionMask = 2147483647;
			files = (
				26797B541FF648D300098507 /* LaunchScreen.storyboard in Resources */,
				26797B511FF648D300098507 /* Assets.xcassets in Resources */,
				26797B4F1FF648D200098507 /* Main.storyboard in Resources */,
			);
			runOnlyForDeploymentPostprocessing = 0;
		};
		26797B5A1FF648D700098507 /* Resources */ = {
			isa = PBXResourcesBuildPhase;
			buildActionMask = 2147483647;
			files = (
			);
			runOnlyForDeploymentPostprocessing = 0;
		};
		26797B651FF648D800098507 /* Resources */ = {
			isa = PBXResourcesBuildPhase;
			buildActionMask = 2147483647;
			files = (
			);
			runOnlyForDeploymentPostprocessing = 0;
		};
/* End PBXResourcesBuildPhase section */

/* Begin PBXSourcesBuildPhase section */
		26797B401FF648D000098507 /* Sources */ = {
			isa = PBXSourcesBuildPhase;
			buildActionMask = 2147483647;
			files = (
				26797B4C1FF648D200098507 /* ViewController.m in Sources */,
				26797B571FF648D400098507 /* main.m in Sources */,
				26797B491FF648D200098507 /* AppDelegate.m in Sources */,
			);
			runOnlyForDeploymentPostprocessing = 0;
		};
		26797B581FF648D700098507 /* Sources */ = {
			isa = PBXSourcesBuildPhase;
			buildActionMask = 2147483647;
			files = (
				26797B611FF648D800098507 /* CustomCalenderTests.m in Sources */,
			);
			runOnlyForDeploymentPostprocessing = 0;
		};
		26797B631FF648D800098507 /* Sources */ = {
			isa = PBXSourcesBuildPhase;
			buildActionMask = 2147483647;
			files = (
				26797B6C1FF648D900098507 /* CustomCalenderUITests.m in Sources */,
			);
			runOnlyForDeploymentPostprocessing = 0;
		};
/* End PBXSourcesBuildPhase section */

/* Begin PBXTargetDependency section */
		26797B5E1FF648D700098507 /* PBXTargetDependency */ = {
			isa = PBXTargetDependency;
			target = 26797B431FF648D000098507 /* CustomCalender */;
			targetProxy = 26797B5D1FF648D700098507 /* PBXContainerItemProxy */;
		};
		26797B691FF648D800098507 /* PBXTargetDependency */ = {
			isa = PBXTargetDependency;
			target = 26797B431FF648D000098507 /* CustomCalender */;
			targetProxy = 26797B681FF648D800098507 /* PBXContainerItemProxy */;
		};
/* End PBXTargetDependency section */

/* Begin PBXVariantGroup section */
		26797B4D1FF648D200098507 /* Main.storyboard */ = {
			isa = PBXVariantGroup;
			children = (
				26797B4E1FF648D200098507 /* Base */,
			);
			name = Main.storyboard;
			sourceTree = "<group>";
		};
		26797B521FF648D300098507 /* LaunchScreen.storyboard */ = {
			isa = PBXVariantGroup;
			children = (
				26797B531FF648D300098507 /* Base */,
			);
			name = LaunchScreen.storyboard;
			sourceTree = "<group>";
		};
/* End PBXVariantGroup section */

/* Begin XCBuildConfiguration section */
		26797B6E1FF648DA00098507 /* Debug */ = {
			isa = XCBuildConfiguration;
			buildSettings = {
				ALWAYS_SEARCH_USER_PATHS = NO;
				CLANG_ANALYZER_NONNULL = YES;
				CLANG_ANALYZER_NUMBER_OBJECT_CONVERSION = YES_AGGRESSIVE;
				CLANG_CXX_LANGUAGE_STANDARD = "gnu++14";
				CLANG_CXX_LIBRARY = "libc++";
				CLANG_ENABLE_MODULES = YES;
				CLANG_ENABLE_OBJC_ARC = YES;
				CLANG_WARN_BLOCK_CAPTURE_AUTORELEASING = YES;
				CLANG_WARN_BOOL_CONVERSION = YES;
				CLANG_WARN_COMMA = YES;
				CLANG_WARN_CONSTANT_CONVERSION = YES;
				CLANG_WARN_DIRECT_OBJC_ISA_USAGE = YES_ERROR;
				CLANG_WARN_DOCUMENTATION_COMMENTS = YES;
				CLANG_WARN_EMPTY_BODY = YES;
				CLANG_WARN_ENUM_CONVERSION = YES;
				CLANG_WARN_INFINITE_RECURSION = YES;
				CLANG_WARN_INT_CONVERSION = YES;
				CLANG_WARN_NON_LITERAL_NULL_CONVERSION = YES;
				CLANG_WARN_OBJC_LITERAL_CONVERSION = YES;
				CLANG_WARN_OBJC_ROOT_CLASS = YES_ERROR;
				CLANG_WARN_RANGE_LOOP_ANALYSIS = YES;
				CLANG_WARN_STRICT_PROTOTYPES = YES;
				CLANG_WARN_SUSPICIOUS_MOVE = YES;
				CLANG_WARN_UNGUARDED_AVAILABILITY = YES_AGGRESSIVE;
				CLANG_WARN_UNREACHABLE_CODE = YES;
				CLANG_WARN__DUPLICATE_METHOD_MATCH = YES;
				CODE_SIGN_IDENTITY = "iPhone Developer";
				COPY_PHASE_STRIP = NO;
				DEBUG_INFORMATION_FORMAT = dwarf;
				ENABLE_STRICT_OBJC_MSGSEND = YES;
				ENABLE_TESTABILITY = YES;
				GCC_C_LANGUAGE_STANDARD = gnu11;
				GCC_DYNAMIC_NO_PIC = NO;
				GCC_NO_COMMON_BLOCKS = YES;
				GCC_OPTIMIZATION_LEVEL = 0;
				GCC_PREPROCESSOR_DEFINITIONS = (
					"DEBUG=1",
					"$(inherited)",
				);
				GCC_WARN_64_TO_32_BIT_CONVERSION = YES;
				GCC_WARN_ABOUT_RETURN_TYPE = YES_ERROR;
				GCC_WARN_UNDECLARED_SELECTOR = YES;
				GCC_WARN_UNINITIALIZED_AUTOS = YES_AGGRESSIVE;
				GCC_WARN_UNUSED_FUNCTION = YES;
				GCC_WARN_UNUSED_VARIABLE = YES;
				IPHONEOS_DEPLOYMENT_TARGET = 11.2;
				MTL_ENABLE_DEBUG_INFO = YES;
				ONLY_ACTIVE_ARCH = YES;
				SDKROOT = iphoneos;
			};
			name = Debug;
		};
		26797B6F1FF648DA00098507 /* Release */ = {
			isa = XCBuildConfiguration;
			buildSettings = {
				ALWAYS_SEARCH_USER_PATHS = NO;
				CLANG_ANALYZER_NONNULL = YES;
				CLANG_ANALYZER_NUMBER_OBJECT_CONVERSION = YES_AGGRESSIVE;
				CLANG_CXX_LANGUAGE_STANDARD = "gnu++14";
				CLANG_CXX_LIBRARY = "libc++";
				CLANG_ENABLE_MODULES = YES;
				CLANG_ENABLE_OBJC_ARC = YES;
				CLANG_WARN_BLOCK_CAPTURE_AUTORELEASING = YES;
				CLANG_WARN_BOOL_CONVERSION = YES;
				CLANG_WARN_COMMA = YES;
				CLANG_WARN_CONSTANT_CONVERSION = YES;
				CLANG_WARN_DIRECT_OBJC_ISA_USAGE = YES_ERROR;
				CLANG_WARN_DOCUMENTATION_COMMENTS = YES;
				CLANG_WARN_EMPTY_BODY = YES;
				CLANG_WARN_ENUM_CONVERSION = YES;
				CLANG_WARN_INFINITE_RECURSION = YES;
				CLANG_WARN_INT_CONVERSION = YES;
				CLANG_WARN_NON_LITERAL_NULL_CONVERSION = YES;
				CLANG_WARN_OBJC_LITERAL_CONVERSION = YES;
				CLANG_WARN_OBJC_ROOT_CLASS = YES_ERROR;
				CLANG_WARN_RANGE_LOOP_ANALYSIS = YES;
				CLANG_WARN_STRICT_PROTOTYPES = YES;
				CLANG_WARN_SUSPICIOUS_MOVE = YES;
				CLANG_WARN_UNGUARDED_AVAILABILITY = YES_AGGRESSIVE;
				CLANG_WARN_UNREACHABLE_CODE = YES;
				CLANG_WARN__DUPLICATE_METHOD_MATCH = YES;
				CODE_SIGN_IDENTITY = "iPhone Developer";
				COPY_PHASE_STRIP = NO;
				DEBUG_INFORMATION_FORMAT = "dwarf-with-dsym";
				ENABLE_NS_ASSERTIONS = NO;
				ENABLE_STRICT_OBJC_MSGSEND = YES;
				GCC_C_LANGUAGE_STANDARD = gnu11;
				GCC_NO_COMMON_BLOCKS = YES;
				GCC_WARN_64_TO_32_BIT_CONVERSION = YES;
				GCC_WARN_ABOUT_RETURN_TYPE = YES_ERROR;
				GCC_WARN_UNDECLARED_SELECTOR = YES;
				GCC_WARN_UNINITIALIZED_AUTOS = YES_AGGRESSIVE;
				GCC_WARN_UNUSED_FUNCTION = YES;
				GCC_WARN_UNUSED_VARIABLE = YES;
				IPHONEOS_DEPLOYMENT_TARGET = 11.2;
				MTL_ENABLE_DEBUG_INFO = NO;
				SDKROOT = iphoneos;
				VALIDATE_PRODUCT = YES;
			};
			name = Release;
		};
		26797B711FF648DA00098507 /* Debug */ = {
			isa = XCBuildConfiguration;
			buildSettings = {
				ASSETCATALOG_COMPILER_APPICON_NAME = AppIcon;
				CODE_SIGN_STYLE = Manual;
				DEVELOPMENT_TEAM = "";
				INFOPLIST_FILE = CustomCalender/Info.plist;
				IPHONEOS_DEPLOYMENT_TARGET = 11.1;
				LD_RUNPATH_SEARCH_PATHS = "$(inherited) @executable_path/Frameworks";
				PRODUCT_BUNDLE_IDENTIFIER = com.CustomCalender;
				PRODUCT_NAME = "$(TARGET_NAME)";
				PROVISIONING_PROFILE_SPECIFIER = "";
				TARGETED_DEVICE_FAMILY = "1,2";
			};
			name = Debug;
		};
		26797B721FF648DA00098507 /* Release */ = {
			isa = XCBuildConfiguration;
			buildSettings = {
				ASSETCATALOG_COMPILER_APPICON_NAME = AppIcon;
				CODE_SIGN_STYLE = Manual;
				DEVELOPMENT_TEAM = "";
				INFOPLIST_FILE = CustomCalender/Info.plist;
				IPHONEOS_DEPLOYMENT_TARGET = 11.1;
				LD_RUNPATH_SEARCH_PATHS = "$(inherited) @executable_path/Frameworks";
				PRODUCT_BUNDLE_IDENTIFIER = com.CustomCalender;
				PRODUCT_NAME = "$(TARGET_NAME)";
				PROVISIONING_PROFILE_SPECIFIER = "";
				TARGETED_DEVICE_FAMILY = "1,2";
			};
			name = Release;
		};
		26797B741FF648DA00098507 /* Debug */ = {
			isa = XCBuildConfiguration;
			buildSettings = {
				BUNDLE_LOADER = "$(TEST_HOST)";
				CODE_SIGN_STYLE = Automatic;
				INFOPLIST_FILE = CustomCalenderTests/Info.plist;
				LD_RUNPATH_SEARCH_PATHS = "$(inherited) @executable_path/Frameworks @loader_path/Frameworks";
				PRODUCT_BUNDLE_IDENTIFIER = com.CustomCalenderTests;
				PRODUCT_NAME = "$(TARGET_NAME)";
				TARGETED_DEVICE_FAMILY = "1,2";
				TEST_HOST = "$(BUILT_PRODUCTS_DIR)/CustomCalender.app/CustomCalender";
			};
			name = Debug;
		};
		26797B751FF648DA00098507 /* Release */ = {
			isa = XCBuildConfiguration;
			buildSettings = {
				BUNDLE_LOADER = "$(TEST_HOST)";
				CODE_SIGN_STYLE = Automatic;
				INFOPLIST_FILE = CustomCalenderTests/Info.plist;
				LD_RUNPATH_SEARCH_PATHS = "$(inherited) @executable_path/Frameworks @loader_path/Frameworks";
				PRODUCT_BUNDLE_IDENTIFIER = com.CustomCalenderTests;
				PRODUCT_NAME = "$(TARGET_NAME)";
				TARGETED_DEVICE_FAMILY = "1,2";
				TEST_HOST = "$(BUILT_PRODUCTS_DIR)/CustomCalender.app/CustomCalender";
			};
			name = Release;
		};
		26797B771FF648DA00098507 /* Debug */ = {
			isa = XCBuildConfiguration;
			buildSettings = {
				CODE_SIGN_STYLE = Automatic;
				INFOPLIST_FILE = CustomCalenderUITests/Info.plist;
				LD_RUNPATH_SEARCH_PATHS = "$(inherited) @executable_path/Frameworks @loader_path/Frameworks";
				PRODUCT_BUNDLE_IDENTIFIER = com.CustomCalenderUITests;
				PRODUCT_NAME = "$(TARGET_NAME)";
				TARGETED_DEVICE_FAMILY = "1,2";
				TEST_TARGET_NAME = CustomCalender;
			};
			name = Debug;
		};
		26797B781FF648DA00098507 /* Release */ = {
			isa = XCBuildConfiguration;
			buildSettings = {
				CODE_SIGN_STYLE = Automatic;
				INFOPLIST_FILE = CustomCalenderUITests/Info.plist;
				LD_RUNPATH_SEARCH_PATHS = "$(inherited) @executable_path/Frameworks @loader_path/Frameworks";
				PRODUCT_BUNDLE_IDENTIFIER = com.CustomCalenderUITests;
				PRODUCT_NAME = "$(TARGET_NAME)";
				TARGETED_DEVICE_FAMILY = "1,2";
				TEST_TARGET_NAME = CustomCalender;
			};
			name = Release;
		};
/* End XCBuildConfiguration section */

/* Begin XCConfigurationList section */
		26797B3F1FF648D000098507 /* Build configuration list for PBXProject "CustomCalender" */ = {
			isa = XCConfigurationList;
			buildConfigurations = (
				26797B6E1FF648DA00098507 /* Debug */,
				26797B6F1FF648DA00098507 /* Release */,
			);
			defaultConfigurationIsVisible = 0;
			defaultConfigurationName = Release;
		};
		26797B701FF648DA00098507 /* Build configuration list for PBXNativeTarget "CustomCalender" */ = {
			isa = XCConfigurationList;
			buildConfigurations = (
				26797B711FF648DA00098507 /* Debug */,
				26797B721FF648DA00098507 /* Release */,
			);
			defaultConfigurationIsVisible = 0;
			defaultConfigurationName = Release;
		};
		26797B731FF648DA00098507 /* Build configuration list for PBXNativeTarget "CustomCalenderTests" */ = {
			isa = XCConfigurationList;
			buildConfigurations = (
				26797B741FF648DA00098507 /* Debug */,
				26797B751FF648DA00098507 /* Release */,
			);
			defaultConfigurationIsVisible = 0;
			defaultConfigurationName = Release;
		};
		26797B761FF648DA00098507 /* Build configuration list for PBXNativeTarget "CustomCalenderUITests" */ = {
			isa = XCConfigurationList;
			buildConfigurations = (
				26797B771FF648DA00098507 /* Debug */,
				26797B781FF648DA00098507 /* Release */,
			);
			defaultConfigurationIsVisible = 0;
			defaultConfigurationName = Release;
		};
/* End XCConfigurationList section */
	};
	rootObject = 26797B3C1FF648D000098507 /* Project object */;
}
